# This file is generated by running "yarn install" inside your project.
# Manual changes might be lost - proceed with caution!

__metadata:
  version: 4
  cacheKey: 8

"@babel/code-frame@npm:^7.10.4":
  version: 7.14.5
  resolution: "@babel/code-frame@npm:7.14.5::__archiveUrl=https%3A%2F%2Fregistry.npmjs.org%2F%40babel%2Fcode-frame%2F-%2Fcode-frame-7.14.5.tgz"
  dependencies:
    "@babel/highlight": ^7.14.5
  checksum: 0adbe4f8d91586f764f524e57631f582ab988b2ef504391a5d89db29bfaaf7c67c237798ed4a249b6a2d7135852cf94d3d07ce6b9739dd1df1f271d5ed069565
  languageName: node
  linkType: hard

"@babel/helper-validator-identifier@npm:^7.14.5":
  version: 7.15.7
  resolution: "@babel/helper-validator-identifier@npm:7.15.7::__archiveUrl=https%3A%2F%2Fregistry.npmjs.org%2F%40babel%2Fhelper-validator-identifier%2F-%2Fhelper-validator-identifier-7.15.7.tgz"
  checksum: f041c28c531d1add5cc345b25d5df3c29c62bce3205b4d4a93dcd164ccf630350acba252d374fad8f5d8ea526995a215829f27183ba7ce7ce141843bf23068a6
  languageName: node
  linkType: hard

"@babel/highlight@npm:^7.14.5":
  version: 7.14.5
  resolution: "@babel/highlight@npm:7.14.5::__archiveUrl=https%3A%2F%2Fregistry.npmjs.org%2F%40babel%2Fhighlight%2F-%2Fhighlight-7.14.5.tgz"
  dependencies:
    "@babel/helper-validator-identifier": ^7.14.5
    chalk: ^2.0.0
    js-tokens: ^4.0.0
  checksum: 4e4b22fb886c939551d73307de16232c186fdb4d8ec8f514541b058feaecdba5234788a0740ca5bcd28777f4108596c39ac4b7463684c63b3812f6071e3fb88f
  languageName: node
  linkType: hard

"@babel/runtime-corejs3@npm:^7.10.2":
  version: 7.15.4
  resolution: "@babel/runtime-corejs3@npm:7.15.4::__archiveUrl=https%3A%2F%2Fregistry.npmjs.org%2F%40babel%2Fruntime-corejs3%2F-%2Fruntime-corejs3-7.15.4.tgz"
  dependencies:
    core-js-pure: ^3.16.0
    regenerator-runtime: ^0.13.4
  checksum: ba3b7ed66a00e4d00b0ee1d7a9b9902007c1cd1db511a6153032f19ed964d3a22ef76d8f75ff7d14da9ff70f1b43edba6eccce55097a78e84d249c2991c9959e
  languageName: node
  linkType: hard

"@babel/runtime@npm:7.12.18":
  version: 7.12.18
  resolution: "@babel/runtime@npm:7.12.18::__archiveUrl=https%3A%2F%2Fregistry.npmjs.org%2F%40babel%2Fruntime%2F-%2Fruntime-7.12.18.tgz"
  dependencies:
    regenerator-runtime: ^0.13.4
  checksum: 0ba38dc8d478584b0b5fb15fc2b7855f9f20561917bd434a66429d55d1165199d6161bc5fb087b87254712827f63561ff5196df66701e5647d67c7d0f557569a
  languageName: node
  linkType: hard

"@babel/runtime@npm:^7.10.2, @babel/runtime@npm:^7.12.5":
  version: 7.15.4
  resolution: "@babel/runtime@npm:7.15.4::__archiveUrl=https%3A%2F%2Fregistry.npmjs.org%2F%40babel%2Fruntime%2F-%2Fruntime-7.15.4.tgz"
  dependencies:
    regenerator-runtime: ^0.13.4
  checksum: c40825430400e47c19b97e4142d5315d2910305b9714d44a711472587ee2fd4521fdba5f02ddd9df3902f5e988d9854fa83f4da1e0c091f70f6983fa52480606
  languageName: node
  linkType: hard

"@jest/types@npm:^26.6.2":
  version: 26.6.2
  resolution: "@jest/types@npm:26.6.2::__archiveUrl=https%3A%2F%2Fregistry.npmjs.org%2F%40jest%2Ftypes%2F-%2Ftypes-26.6.2.tgz"
  dependencies:
    "@types/istanbul-lib-coverage": ^2.0.0
    "@types/istanbul-reports": ^3.0.0
    "@types/node": "*"
    "@types/yargs": ^15.0.0
    chalk: ^4.0.0
  checksum: a0bd3d2f22f26ddb23f41fddf6e6a30bf4fab2ce79ec1cb6ce6fdfaf90a72e00f4c71da91ec61e13db3b10c41de22cf49d07c57ff2b59171d64b29f909c1d8d6
  languageName: node
  linkType: hard

"@jest/types@npm:^27.2.4":
  version: 27.2.4
  resolution: "@jest/types@npm:27.2.4::__archiveUrl=https%3A%2F%2Fregistry.npmjs.org%2F%40jest%2Ftypes%2F-%2Ftypes-27.2.4.tgz"
  dependencies:
    "@types/istanbul-lib-coverage": ^2.0.0
    "@types/istanbul-reports": ^3.0.0
    "@types/node": "*"
    "@types/yargs": ^16.0.0
    chalk: ^4.0.0
  checksum: 0d34189874354a63bc80eeb99da75078ea8a65599c6cd0b937cf1909fc9d490f99adf5aa32ca5a67735496f131491f323b750983d471ecbbcd3e3fec618b01df
  languageName: node
  linkType: hard

"@testing-library/dom@npm:^8.0.0":
  version: 8.7.1
  resolution: "@testing-library/dom@npm:8.7.1::__archiveUrl=https%3A%2F%2Fregistry.npmjs.org%2F%40testing-library%2Fdom%2F-%2Fdom-8.7.1.tgz"
  dependencies:
    "@babel/code-frame": ^7.10.4
    "@babel/runtime": ^7.12.5
    "@types/aria-query": ^4.2.0
    aria-query: ^4.2.2
    chalk: ^4.1.0
    dom-accessibility-api: ^0.5.6
    lz-string: ^1.4.4
    pretty-format: ^27.0.2
  checksum: 9d8dc39affe183e2a6ef843d65a886928978332cfb097bf456c567702d9fa0dfa3efc5e7fbf8bbdacc4af4652151c3712b5c1345ff6ea99fa597cad4443125f2
  languageName: node
  linkType: hard

"@testing-library/react@npm:12.1.1":
  version: 12.1.1
  resolution: "@testing-library/react@npm:12.1.1::__archiveUrl=https%3A%2F%2Fregistry.npmjs.org%2F%40testing-library%2Freact%2F-%2Freact-12.1.1.tgz"
  dependencies:
    "@babel/runtime": ^7.12.5
    "@testing-library/dom": ^8.0.0
  peerDependencies:
    react: "*"
    react-dom: "*"
  checksum: 1882161426854801a9e5b00c6e50e76b813c22158c8a45c36b87d0aeab4d6ce0920387f8f738562bb693ec217a5885641ef82f0a135cddcde870edda097f2ebb
  languageName: node
  linkType: hard

"@types/aria-query@npm:^4.2.0":
  version: 4.2.2
  resolution: "@types/aria-query@npm:4.2.2::__archiveUrl=https%3A%2F%2Fregistry.npmjs.org%2F%40types%2Faria-query%2F-%2Faria-query-4.2.2.tgz"
  checksum: 6f2ce11d91e2d665f3873258db19da752d91d85d3679eb5efcdf9c711d14492287e1e4eb52613b28e60375841a9e428594e745b68436c963d8bad4bf72188df3
  languageName: node
  linkType: hard

"@types/istanbul-lib-coverage@npm:*, @types/istanbul-lib-coverage@npm:^2.0.0":
  version: 2.0.3
  resolution: "@types/istanbul-lib-coverage@npm:2.0.3::__archiveUrl=https%3A%2F%2Fregistry.npmjs.org%2F%40types%2Fistanbul-lib-coverage%2F-%2Fistanbul-lib-coverage-2.0.3.tgz"
  checksum: 0650cba4be8f464bee89b9de0b71a5ea3b5cc676ce24e1196b5d6a51542ce9e613ae4549bf19756bb33dbbbb32b47931040266100062bfb197c597d73e341eb0
  languageName: node
  linkType: hard

"@types/istanbul-lib-report@npm:*":
  version: 3.0.0
  resolution: "@types/istanbul-lib-report@npm:3.0.0::__archiveUrl=https%3A%2F%2Fregistry.npmjs.org%2F%40types%2Fistanbul-lib-report%2F-%2Fistanbul-lib-report-3.0.0.tgz"
  dependencies:
    "@types/istanbul-lib-coverage": "*"
  checksum: 656398b62dc288e1b5226f8880af98087233cdb90100655c989a09f3052b5775bf98ba58a16c5ae642fb66c61aba402e07a9f2bff1d1569e3b306026c59f3f36
  languageName: node
  linkType: hard

"@types/istanbul-reports@npm:^3.0.0":
  version: 3.0.1
  resolution: "@types/istanbul-reports@npm:3.0.1::__archiveUrl=https%3A%2F%2Fregistry.npmjs.org%2F%40types%2Fistanbul-reports%2F-%2Fistanbul-reports-3.0.1.tgz"
  dependencies:
    "@types/istanbul-lib-report": "*"
  checksum: f1ad54bc68f37f60b30c7915886b92f86b847033e597f9b34f2415acdbe5ed742fa559a0a40050d74cdba3b6a63c342cac1f3a64dba5b68b66a6941f4abd7903
  languageName: node
  linkType: hard

"@types/jest@npm:*":
  version: 27.0.2
  resolution: "@types/jest@npm:27.0.2::__archiveUrl=https%3A%2F%2Fregistry.npmjs.org%2F%40types%2Fjest%2F-%2Fjest-27.0.2.tgz"
  dependencies:
    jest-diff: ^27.0.0
    pretty-format: ^27.0.0
  checksum: 814ad5f5d2f277849f47e52906da4b745758e555630fc8cb46a071bde648eefeffb1b35710c530a8cea7fc4ea7c1d813812c120484bf7902ab6c5e473cdd49c9
  languageName: node
  linkType: hard

"@types/jest@npm:^26.0.0":
  version: 26.0.24
  resolution: "@types/jest@npm:26.0.24::__archiveUrl=https%3A%2F%2Fregistry.npmjs.org%2F%40types%2Fjest%2F-%2Fjest-26.0.24.tgz"
  dependencies:
    jest-diff: ^26.0.0
    pretty-format: ^26.0.0
  checksum: ae39675412f08d884926254e9b12bfd2b5a4e4d204c94d3148cb942174a474930d0c60540133c968f22241d4712b7940c96cbc883096eb326a4d5b206fb78bd0
  languageName: node
  linkType: hard

"@types/node@npm:*":
  version: 16.10.2
  resolution: "@types/node@npm:16.10.2::__archiveUrl=https%3A%2F%2Fregistry.npmjs.org%2F%40types%2Fnode%2F-%2Fnode-16.10.2.tgz"
  checksum: 83c1c3c68e7500103908c3f16094e458879c840a719c15b6ea577f81fe1f24a1b3473bb6c8e8091fe79a82543ca7639c6b1088fcf80292ec091d1d1c9504a87e
  languageName: node
  linkType: hard

"@types/node@npm:12.20.4":
  version: 12.20.4
  resolution: "@types/node@npm:12.20.4::__archiveUrl=https%3A%2F%2Fregistry.npmjs.org%2F%40types%2Fnode%2F-%2Fnode-12.20.4.tgz"
  checksum: 30f1f5d8159fcb968206706f0f943167731f3d0763602571af29676b1afdcfe3b41524442cacdee3853a456dcd11d0e3ab2bf28b6821dfa2749a4b393fe7b510
  languageName: node
  linkType: hard

"@types/prop-types@npm:*":
  version: 15.7.4
  resolution: "@types/prop-types@npm:15.7.4::__archiveUrl=https%3A%2F%2Fregistry.npmjs.org%2F%40types%2Fprop-types%2F-%2Fprop-types-15.7.4.tgz"
  checksum: ef6e1899e59b876c273811b1bd845022fc66d5a3d11cb38a25b6c566b30514ae38fe20a40f67622f362a4f4f7f9224e22d8da101cff3d6e97e11d7b4c307cfc1
  languageName: node
  linkType: hard

"@types/react-dom@npm:^17.0.5":
  version: 17.0.9
  resolution: "@types/react-dom@npm:17.0.9::__archiveUrl=https%3A%2F%2Fregistry.npmjs.org%2F%40types%2Freact-dom%2F-%2Freact-dom-17.0.9.tgz"
  dependencies:
    "@types/react": "*"
  checksum: b7e898e1a22643a371f58e801a3d1d8cf13a82d77063c24be73e840ef8d877ca1d04adc5db168d0dac3167dc050a26b1d70efc5fe8566a7f46a3c488a8322989
  languageName: node
  linkType: hard

"@types/react@npm:*, @types/react@npm:^17.0.8":
  version: 17.0.26
  resolution: "@types/react@npm:17.0.26::__archiveUrl=https%3A%2F%2Fregistry.npmjs.org%2F%40types%2Freact%2F-%2Freact-17.0.26.tgz"
  dependencies:
    "@types/prop-types": "*"
    "@types/scheduler": "*"
    csstype: ^3.0.2
  checksum: 943fe7e912ea6d664910fb9391a96d8f31c985265fb768d448461123dd970080494b7987a9bd54ca664c8675cb09680c8763823ff18622222e302c8d121b7d31
  languageName: node
  linkType: hard

"@types/scheduler@npm:*":
  version: 0.16.2
  resolution: "@types/scheduler@npm:0.16.2::__archiveUrl=https%3A%2F%2Fregistry.npmjs.org%2F%40types%2Fscheduler%2F-%2Fscheduler-0.16.2.tgz"
  checksum: b6b4dcfeae6deba2e06a70941860fb1435730576d3689225a421280b7742318d1548b3d22c1f66ab68e414f346a9542f29240bc955b6332c5b11e561077583bc
  languageName: node
  linkType: hard

"@types/testing-library__jest-dom@npm:5.9.5":
  version: 5.9.5
  resolution: "@types/testing-library__jest-dom@npm:5.9.5::__archiveUrl=https%3A%2F%2Fregistry.npmjs.org%2F%40types%2Ftesting-library__jest-dom%2F-%2Ftesting-library__jest-dom-5.9.5.tgz"
  dependencies:
    "@types/jest": "*"
  checksum: f2ed81103acb52d54f992d826e3854551294618628997dc01f8955efd8c1d476d64715b79187371b09ec3e61e44cc10a7ffe1e427d1bda798552f83d18309056
  languageName: node
  linkType: hard

"@types/yargs-parser@npm:*":
  version: 20.2.1
  resolution: "@types/yargs-parser@npm:20.2.1::__archiveUrl=https%3A%2F%2Fregistry.npmjs.org%2F%40types%2Fyargs-parser%2F-%2Fyargs-parser-20.2.1.tgz"
  checksum: 1d039e64494a7a61ddd278349a3dc60b19f99ff0517425696e796f794e4252452b9d62178e69755ad03f439f9dc0c8c3d7b3a1201b3a24e134bac1a09fa11eaa
  languageName: node
  linkType: hard

"@types/yargs@npm:^15.0.0":
  version: 15.0.14
  resolution: "@types/yargs@npm:15.0.14::__archiveUrl=https%3A%2F%2Fregistry.npmjs.org%2F%40types%2Fyargs%2F-%2Fyargs-15.0.14.tgz"
  dependencies:
    "@types/yargs-parser": "*"
  checksum: 8e358aeb8f0c3758e59e2b8fcfdee5627ab2fe3d92f50f380503d966c7f33287be3322155516a50d27727fde1ad3878f48f60cd6648439126d4b0bbb1a1153ed
  languageName: node
  linkType: hard

"@types/yargs@npm:^16.0.0":
  version: 16.0.4
  resolution: "@types/yargs@npm:16.0.4::__archiveUrl=https%3A%2F%2Fregistry.npmjs.org%2F%40types%2Fyargs%2F-%2Fyargs-16.0.4.tgz"
  dependencies:
    "@types/yargs-parser": "*"
  checksum: caa21d2c957592fe2184a8368c8cbe5a82a6c2e2f2893722e489f842dc5963293d2f3120bc06fe3933d60a3a0d1e2eb269649fd6b1947fe1820f8841ba611dd9
  languageName: node
  linkType: hard

"ansi-regex@npm:^5.0.0, ansi-regex@npm:^5.0.1":
  version: 5.0.1
  resolution: "ansi-regex@npm:5.0.1::__archiveUrl=https%3A%2F%2Fregistry.npmjs.org%2Fansi-regex%2F-%2Fansi-regex-5.0.1.tgz"
  checksum: 2aa4bb54caf2d622f1afdad09441695af2a83aa3fe8b8afa581d205e57ed4261c183c4d3877cee25794443fde5876417d859c108078ab788d6af7e4fe52eb66b
  languageName: node
  linkType: hard

"ansi-styles@npm:^3.2.1":
  version: 3.2.1
  resolution: "ansi-styles@npm:3.2.1::__archiveUrl=https%3A%2F%2Fregistry.npmjs.org%2Fansi-styles%2F-%2Fansi-styles-3.2.1.tgz"
  dependencies:
    color-convert: ^1.9.0
  checksum: d85ade01c10e5dd77b6c89f34ed7531da5830d2cb5882c645f330079975b716438cd7ebb81d0d6e6b4f9c577f19ae41ab55f07f19786b02f9dfd9e0377395665
  languageName: node
  linkType: hard

"ansi-styles@npm:^4.0.0, ansi-styles@npm:^4.1.0":
  version: 4.3.0
  resolution: "ansi-styles@npm:4.3.0::__archiveUrl=https%3A%2F%2Fregistry.npmjs.org%2Fansi-styles%2F-%2Fansi-styles-4.3.0.tgz"
  dependencies:
    color-convert: ^2.0.1
  checksum: 513b44c3b2105dd14cc42a19271e80f386466c4be574bccf60b627432f9198571ebf4ab1e4c3ba17347658f4ee1711c163d574248c0c1cdc2d5917a0ad582ec4
  languageName: node
  linkType: hard

"ansi-styles@npm:^5.0.0":
  version: 5.2.0
  resolution: "ansi-styles@npm:5.2.0::__archiveUrl=https%3A%2F%2Fregistry.npmjs.org%2Fansi-styles%2F-%2Fansi-styles-5.2.0.tgz"
  checksum: d7f4e97ce0623aea6bc0d90dcd28881ee04cba06c570b97fd3391bd7a268eedfd9d5e2dd4fdcbdd82b8105df5faf6f24aaedc08eaf3da898e702db5948f63469
  languageName: node
  linkType: hard

"aria-query@npm:^4.2.2":
  version: 4.2.2
  resolution: "aria-query@npm:4.2.2::__archiveUrl=https%3A%2F%2Fregistry.npmjs.org%2Faria-query%2F-%2Faria-query-4.2.2.tgz"
  dependencies:
    "@babel/runtime": ^7.10.2
    "@babel/runtime-corejs3": ^7.10.2
  checksum: 38401a9a400f26f3dcc24b84997461a16b32869a9893d323602bed8da40a8bcc0243b8d2880e942249a1496cea7a7de769e93d21c0baa439f01e1ee936fed665
  languageName: node
  linkType: hard

"asap@npm:~2.0.3":
  version: 2.0.6
  resolution: "asap@npm:2.0.6::__archiveUrl=https%3A%2F%2Fregistry.npmjs.org%2Fasap%2F-%2Fasap-2.0.6.tgz"
  checksum: b296c92c4b969e973260e47523207cd5769abd27c245a68c26dc7a0fe8053c55bb04360237cb51cab1df52be939da77150ace99ad331fb7fb13b3423ed73ff3d
  languageName: node
  linkType: hard

"bare-51cbf0@workspace:ui-dev/component/basic/bare":
  version: 0.0.0-use.local
  resolution: "bare-51cbf0@workspace:ui-dev/component/basic/bare"
  peerDependencies:
    react: ^16.8.0 || ^17.0.0
    react-dom: ^16.8.0 || ^17.0.0
  languageName: unknown
  linkType: soft

"bowser@npm:^1.7.3":
  version: 1.9.4
  resolution: "bowser@npm:1.9.4::__archiveUrl=https%3A%2F%2Fregistry.npmjs.org%2Fbowser%2F-%2Fbowser-1.9.4.tgz"
  checksum: 127584ee1b8f0c27f410f652d409ea8bcb23d185a4269bcbe0229069720be9d83dc80a939e0fa33d8a9055141a0cf2fee5a02b2b5515c38841ddc899d67dec8d
  languageName: node
  linkType: hard

"button-493013@workspace:ui-dev/component/basic/button":
  version: 0.0.0-use.local
  resolution: "button-493013@workspace:ui-dev/component/basic/button"
  peerDependencies:
    react: ^16.8.0 || ^17.0.0
    react-dom: ^16.8.0 || ^17.0.0
  languageName: unknown
  linkType: soft

"chalk@npm:^2.0.0":
  version: 2.4.2
  resolution: "chalk@npm:2.4.2::__archiveUrl=https%3A%2F%2Fregistry.npmjs.org%2Fchalk%2F-%2Fchalk-2.4.2.tgz"
  dependencies:
    ansi-styles: ^3.2.1
    escape-string-regexp: ^1.0.5
    supports-color: ^5.3.0
  checksum: ec3661d38fe77f681200f878edbd9448821924e0f93a9cefc0e26a33b145f1027a2084bf19967160d11e1f03bfe4eaffcabf5493b89098b2782c3fe0b03d80c2
  languageName: node
  linkType: hard

"chalk@npm:^4.0.0, chalk@npm:^4.1.0":
  version: 4.1.2
  resolution: "chalk@npm:4.1.2::__archiveUrl=https%3A%2F%2Fregistry.npmjs.org%2Fchalk%2F-%2Fchalk-4.1.2.tgz"
  dependencies:
    ansi-styles: ^4.1.0
    supports-color: ^7.1.0
  checksum: fe75c9d5c76a7a98d45495b91b2172fa3b7a09e0cc9370e5c8feb1c567b85c4288e2b3fded7cfdd7359ac28d6b3844feb8b82b8686842e93d23c827c417e83fc
  languageName: node
  linkType: hard

"checkbox-c0a258@workspace:ui-dev/component/basic/checkbox":
  version: 0.0.0-use.local
  resolution: "checkbox-c0a258@workspace:ui-dev/component/basic/checkbox"
  peerDependencies:
    react: ^16.8.0 || ^17.0.0
    react-dom: ^16.8.0 || ^17.0.0
  languageName: unknown
  linkType: soft

"color-convert@npm:^1.9.0":
  version: 1.9.3
  resolution: "color-convert@npm:1.9.3::__archiveUrl=https%3A%2F%2Fregistry.npmjs.org%2Fcolor-convert%2F-%2Fcolor-convert-1.9.3.tgz"
  dependencies:
    color-name: 1.1.3
  checksum: fd7a64a17cde98fb923b1dd05c5f2e6f7aefda1b60d67e8d449f9328b4e53b228a428fd38bfeaeb2db2ff6b6503a776a996150b80cdf224062af08a5c8a3a203
  languageName: node
  linkType: hard

"color-convert@npm:^2.0.1":
  version: 2.0.1
  resolution: "color-convert@npm:2.0.1::__archiveUrl=https%3A%2F%2Fregistry.npmjs.org%2Fcolor-convert%2F-%2Fcolor-convert-2.0.1.tgz"
  dependencies:
    color-name: ~1.1.4
  checksum: 79e6bdb9fd479a205c71d89574fccfb22bd9053bd98c6c4d870d65c132e5e904e6034978e55b43d69fcaa7433af2016ee203ce76eeba9cfa554b373e7f7db336
  languageName: node
  linkType: hard

"color-name@npm:1.1.3":
  version: 1.1.3
  resolution: "color-name@npm:1.1.3::__archiveUrl=https%3A%2F%2Fregistry.npmjs.org%2Fcolor-name%2F-%2Fcolor-name-1.1.3.tgz"
  checksum: 09c5d3e33d2105850153b14466501f2bfb30324a2f76568a408763a3b7433b0e50e5b4ab1947868e65cb101bb7cb75029553f2c333b6d4b8138a73fcc133d69d
  languageName: node
  linkType: hard

"color-name@npm:~1.1.4":
  version: 1.1.4
  resolution: "color-name@npm:1.1.4::__archiveUrl=https%3A%2F%2Fregistry.npmjs.org%2Fcolor-name%2F-%2Fcolor-name-1.1.4.tgz"
  checksum: b0445859521eb4021cd0fb0cc1a75cecf67fceecae89b63f62b201cca8d345baf8b952c966862a9d9a2632987d4f6581f0ec8d957dfacece86f0a7919316f610
  languageName: node
  linkType: hard

"common-9ea40a@workspace:ui-dev/type/common":
  version: 0.0.0-use.local
  resolution: "common-9ea40a@workspace:ui-dev/type/common"
  peerDependencies:
    react: ^16.8.0 || ^17.0.0
    react-dom: ^16.8.0 || ^17.0.0
  languageName: unknown
  linkType: soft

"core-js-pure@npm:^3.16.0":
  version: 3.18.1
  resolution: "core-js-pure@npm:3.18.1::__archiveUrl=https%3A%2F%2Fregistry.npmjs.org%2Fcore-js-pure%2F-%2Fcore-js-pure-3.18.1.tgz"
  checksum: a299bee71e15227823e116ca5bf4c5d0cca8577ce35cc8758dfc17058bcbfee343493c0701b67478bb1362e072246ab1b20675e7c09a273f1310fa08d85cad8c
  languageName: node
  linkType: hard

"core-js@npm:^1.0.0":
  version: 1.2.7
  resolution: "core-js@npm:1.2.7::__archiveUrl=https%3A%2F%2Fregistry.npmjs.org%2Fcore-js%2F-%2Fcore-js-1.2.7.tgz"
  checksum: 0b76371bfa98708351cde580f9287e2360d2209920e738ae950ae74ad08639a2e063541020bf666c28778956fc356ed9fe56d962129c88a87a6a4a0612526c75
  languageName: node
  linkType: hard

"core-js@npm:^3.0.0":
  version: 3.18.1
  resolution: "core-js@npm:3.18.1::__archiveUrl=https%3A%2F%2Fregistry.npmjs.org%2Fcore-js%2F-%2Fcore-js-3.18.1.tgz"
  checksum: 89cac0fe657df722d10b0e658ee76af12a614c0a75fe3fb11e87c2e3f27f6d7e609e3bf40748da5d8feb055b0535766a583ff1d1ac89dba57105f6f1ad64dc21
  languageName: node
  linkType: hard

"css-in-js-utils@npm:^2.0.0":
  version: 2.0.1
  resolution: "css-in-js-utils@npm:2.0.1::__archiveUrl=https%3A%2F%2Fregistry.npmjs.org%2Fcss-in-js-utils%2F-%2Fcss-in-js-utils-2.0.1.tgz"
  dependencies:
    hyphenate-style-name: ^1.0.2
    isobject: ^3.0.1
  checksum: c9964c4708216954c468b69bbee2d971fd759ada4f40637b8ca4d3f79caba4818d0532a4f190ac560227c08742ad063ffec7a30afddc4d96b66a18c3a008f0d8
  languageName: node
  linkType: hard

"csstype@npm:^3.0.2":
  version: 3.0.9
  resolution: "csstype@npm:3.0.9::__archiveUrl=https%3A%2F%2Fregistry.npmjs.org%2Fcsstype%2F-%2Fcsstype-3.0.9.tgz"
  checksum: 199f9af7e673f9f188525c3102a329d637ff46c52f6385a4427ff5cb17adcb736189150170a7af7c5701d18d7704bdad130273f4aa7e44c6c4f9967e6115dc93
  languageName: node
  linkType: hard

"diff-sequences@npm:^26.6.2":
  version: 26.6.2
  resolution: "diff-sequences@npm:26.6.2::__archiveUrl=https%3A%2F%2Fregistry.npmjs.org%2Fdiff-sequences%2F-%2Fdiff-sequences-26.6.2.tgz"
  checksum: 79af871776ef149a7ff3345d6b1bf37fe6e81f68632aa5542787851f6f60fba19b0be22fdd1e06046f56ae7382763ccfe94a982c39ee72bd107aef435ecbc0cf
  languageName: node
  linkType: hard

"diff-sequences@npm:^27.0.6":
  version: 27.0.6
  resolution: "diff-sequences@npm:27.0.6::__archiveUrl=https%3A%2F%2Fregistry.npmjs.org%2Fdiff-sequences%2F-%2Fdiff-sequences-27.0.6.tgz"
  checksum: f35ad024d426cd1026d6c98a1f604c41966a0e89712b05a38812fc11e645ff0e915ec17bc8f4b6910fed6df0b309b255aa6c7c77728be452c6dbbfa30aa2067b
  languageName: node
  linkType: hard

"dom-accessibility-api@npm:^0.5.6":
  version: 0.5.7
  resolution: "dom-accessibility-api@npm:0.5.7::__archiveUrl=https%3A%2F%2Fregistry.npmjs.org%2Fdom-accessibility-api%2F-%2Fdom-accessibility-api-0.5.7.tgz"
  checksum: 16161688087510bc31e9103be3a0b0b7d3b044fd4ca03059ac97950f391958008198627c688bd94346757169de91c2500903b14ee9e420c006961a25770b8c62
  languageName: node
  linkType: hard

"encoding@npm:^0.1.11":
  version: 0.1.13
  resolution: "encoding@npm:0.1.13::__archiveUrl=https%3A%2F%2Fregistry.npmjs.org%2Fencoding%2F-%2Fencoding-0.1.13.tgz"
  dependencies:
    iconv-lite: ^0.6.2
  checksum: bb98632f8ffa823996e508ce6a58ffcf5856330fde839ae42c9e1f436cc3b5cc651d4aeae72222916545428e54fd0f6aa8862fd8d25bdbcc4589f1e3f3715e7f
  languageName: node
  linkType: hard

"escape-string-regexp@npm:^1.0.5":
  version: 1.0.5
  resolution: "escape-string-regexp@npm:1.0.5::__archiveUrl=https%3A%2F%2Fregistry.npmjs.org%2Fescape-string-regexp%2F-%2Fescape-string-regexp-1.0.5.tgz"
  checksum: 6092fda75c63b110c706b6a9bfde8a612ad595b628f0bd2147eea1d3406723020810e591effc7db1da91d80a71a737a313567c5abb3813e8d9c71f4aa595b410
  languageName: node
  linkType: hard

"fbjs@npm:^0.8.12":
  version: 0.8.17
  resolution: "fbjs@npm:0.8.17::__archiveUrl=https%3A%2F%2Fregistry.npmjs.org%2Ffbjs%2F-%2Ffbjs-0.8.17.tgz"
  dependencies:
    core-js: ^1.0.0
    isomorphic-fetch: ^2.1.1
    loose-envify: ^1.0.0
    object-assign: ^4.1.0
    promise: ^7.1.1
    setimmediate: ^1.0.5
    ua-parser-js: ^0.7.18
  checksum: e969aeb175ccf97d8818aab9907a78f253568e0cc1b8762621c5d235bf031419d7e700f16f7711e89dfd1e0fce2b87a05f8a2800f18df0a96258f0780615fd8b
  languageName: node
  linkType: hard

"glamor@npm:2.20.40":
  version: 2.20.40
  resolution: "glamor@npm:2.20.40::__archiveUrl=https%3A%2F%2Fregistry.npmjs.org%2Fglamor%2F-%2Fglamor-2.20.40.tgz"
  dependencies:
    fbjs: ^0.8.12
    inline-style-prefixer: ^3.0.6
    object-assign: ^4.1.1
    prop-types: ^15.5.10
    through: ^2.3.8
  checksum: c52f74317053ace8808b9adb156ac756ce03f4d885d3480ff268a56bdc5a0007a5d226edde826b830dc99eb65b509281f187a7ac827009f81225d1ab89f6653d
  languageName: node
  linkType: hard

"has-flag@npm:^3.0.0":
  version: 3.0.0
  resolution: "has-flag@npm:3.0.0::__archiveUrl=https%3A%2F%2Fregistry.npmjs.org%2Fhas-flag%2F-%2Fhas-flag-3.0.0.tgz"
  checksum: 4a15638b454bf086c8148979aae044dd6e39d63904cd452d970374fa6a87623423da485dfb814e7be882e05c096a7ccf1ebd48e7e7501d0208d8384ff4dea73b
  languageName: node
  linkType: hard

"has-flag@npm:^4.0.0":
  version: 4.0.0
  resolution: "has-flag@npm:4.0.0::__archiveUrl=https%3A%2F%2Fregistry.npmjs.org%2Fhas-flag%2F-%2Fhas-flag-4.0.0.tgz"
  checksum: 261a1357037ead75e338156b1f9452c016a37dcd3283a972a30d9e4a87441ba372c8b81f818cd0fbcd9c0354b4ae7e18b9e1afa1971164aef6d18c2b6095a8ad
  languageName: node
  linkType: hard

"hyphenate-style-name@npm:^1.0.2":
  version: 1.0.4
  resolution: "hyphenate-style-name@npm:1.0.4::__archiveUrl=https%3A%2F%2Fregistry.npmjs.org%2Fhyphenate-style-name%2F-%2Fhyphenate-style-name-1.0.4.tgz"
  checksum: 4f5bf4b055089754924babebaa23c17845937bcca6aee95d5d015f8fa1e6814279002bd6a9e541e3fac2cd02519fc76305396727066c57c8e21a7e73e7a12137
  languageName: node
  linkType: hard

"iconv-lite@npm:^0.6.2":
  version: 0.6.3
  resolution: "iconv-lite@npm:0.6.3::__archiveUrl=https%3A%2F%2Fregistry.npmjs.org%2Ficonv-lite%2F-%2Ficonv-lite-0.6.3.tgz"
  dependencies:
    safer-buffer: ">= 2.1.2 < 3.0.0"
  checksum: 3f60d47a5c8fc3313317edfd29a00a692cc87a19cac0159e2ce711d0ebc9019064108323b5e493625e25594f11c6236647d8e256fbe7a58f4a3b33b89e6d30bf
  languageName: node
  linkType: hard

"image-28fe66@workspace:ui-dev/component/basic/image":
  version: 0.0.0-use.local
  resolution: "image-28fe66@workspace:ui-dev/component/basic/image"
  peerDependencies:
    react: ^16.8.0 || ^17.0.0
    react-dom: ^16.8.0 || ^17.0.0
  languageName: unknown
  linkType: soft

"inline-style-prefixer@npm:^3.0.6":
  version: 3.0.8
  resolution: "inline-style-prefixer@npm:3.0.8::__archiveUrl=https%3A%2F%2Fregistry.npmjs.org%2Finline-style-prefixer%2F-%2Finline-style-prefixer-3.0.8.tgz"
  dependencies:
    bowser: ^1.7.3
    css-in-js-utils: ^2.0.0
  checksum: a33b7c820fbe6a4c159c7ec64965174f287bd50d8b33b7b4988a7432c0ea0f9012608c44c2bab8d29e1c082027db39796a1638a21de34a9bbd761ad415630083
  languageName: node
  linkType: hard

"is-stream@npm:^1.0.1":
  version: 1.1.0
  resolution: "is-stream@npm:1.1.0::__archiveUrl=https%3A%2F%2Fregistry.npmjs.org%2Fis-stream%2F-%2Fis-stream-1.1.0.tgz"
  checksum: 063c6bec9d5647aa6d42108d4c59723d2bd4ae42135a2d4db6eadbd49b7ea05b750fd69d279e5c7c45cf9da753ad2c00d8978be354d65aa9f6bb434969c6a2ae
  languageName: node
  linkType: hard

"isobject@npm:^3.0.1":
  version: 3.0.1
  resolution: "isobject@npm:3.0.1::__archiveUrl=https%3A%2F%2Fregistry.npmjs.org%2Fisobject%2F-%2Fisobject-3.0.1.tgz"
  checksum: db85c4c970ce30693676487cca0e61da2ca34e8d4967c2e1309143ff910c207133a969f9e4ddb2dc6aba670aabce4e0e307146c310350b298e74a31f7d464703
  languageName: node
  linkType: hard

"isomorphic-fetch@npm:^2.1.1":
  version: 2.2.1
  resolution: "isomorphic-fetch@npm:2.2.1::__archiveUrl=https%3A%2F%2Fregistry.npmjs.org%2Fisomorphic-fetch%2F-%2Fisomorphic-fetch-2.2.1.tgz"
  dependencies:
    node-fetch: ^1.0.1
    whatwg-fetch: ">=0.10.0"
  checksum: bb5daa7c3785d6742f4379a81e55b549a469503f7c9bf9411b48592e86632cf5e8fe8ea878dba185c0f33eb7c510c23abdeb55aebfdf5d3c70f031ced68c5424
  languageName: node
  linkType: hard

"jest-diff@npm:^26.0.0":
  version: 26.6.2
  resolution: "jest-diff@npm:26.6.2::__archiveUrl=https%3A%2F%2Fregistry.npmjs.org%2Fjest-diff%2F-%2Fjest-diff-26.6.2.tgz"
  dependencies:
    chalk: ^4.0.0
    diff-sequences: ^26.6.2
    jest-get-type: ^26.3.0
    pretty-format: ^26.6.2
  checksum: d00d297f31e1ac0252127089892432caa7a11c69bde29cf3bb6c7a839c8afdb95cf1fd401f9df16a4422745da2e6a5d94b428b30666a2540c38e1c5699915c2d
  languageName: node
  linkType: hard

"jest-diff@npm:^27.0.0":
  version: 27.2.4
  resolution: "jest-diff@npm:27.2.4::__archiveUrl=https%3A%2F%2Fregistry.npmjs.org%2Fjest-diff%2F-%2Fjest-diff-27.2.4.tgz"
  dependencies:
    chalk: ^4.0.0
    diff-sequences: ^27.0.6
    jest-get-type: ^27.0.6
    pretty-format: ^27.2.4
  checksum: 34c3af73ef1bfd3bf8e16b1531cf91cf6d7fa8cf48499e65dfc50620464315579879b72a80f19b20867a82de6e5325ad933fdea6aaac956272f018a01b6e1d90
  languageName: node
  linkType: hard

"jest-get-type@npm:^26.3.0":
  version: 26.3.0
  resolution: "jest-get-type@npm:26.3.0::__archiveUrl=https%3A%2F%2Fregistry.npmjs.org%2Fjest-get-type%2F-%2Fjest-get-type-26.3.0.tgz"
  checksum: 1cc6465ae4f5e880be22ba52fd270fa64c21994915f81b41f8f7553a7957dd8e077cc8d03035de9412e2d739f8bad6a032ebb5dab5805692a5fb9e20dd4ea666
  languageName: node
  linkType: hard

"jest-get-type@npm:^27.0.6":
  version: 27.0.6
  resolution: "jest-get-type@npm:27.0.6::__archiveUrl=https%3A%2F%2Fregistry.npmjs.org%2Fjest-get-type%2F-%2Fjest-get-type-27.0.6.tgz"
  checksum: 2d4c1381bb5ddb212d80ad00497c7cbb3312358e10b62ac19f1fe5a28ae4af709202bfc235b77ec508970b83fd89945937652d636bcaf88614fa00028a6f3138
  languageName: node
  linkType: hard

"js-tokens@npm:^3.0.0 || ^4.0.0, js-tokens@npm:^4.0.0":
  version: 4.0.0
  resolution: "js-tokens@npm:4.0.0::__archiveUrl=https%3A%2F%2Fregistry.npmjs.org%2Fjs-tokens%2F-%2Fjs-tokens-4.0.0.tgz"
  checksum: 8a95213a5a77deb6cbe94d86340e8d9ace2b93bc367790b260101d2f36a2eaf4e4e22d9fa9cf459b38af3a32fb4190e638024cf82ec95ef708680e405ea7cc78
  languageName: node
  linkType: hard

"link-60619f@workspace:ui-dev/component/basic/link":
  version: 0.0.0-use.local
  resolution: "link-60619f@workspace:ui-dev/component/basic/link"
  peerDependencies:
    react: ^16.8.0 || ^17.0.0
    react-dom: ^16.8.0 || ^17.0.0
  languageName: unknown
  linkType: soft

"loose-envify@npm:^1.0.0, loose-envify@npm:^1.1.0, loose-envify@npm:^1.4.0":
  version: 1.4.0
  resolution: "loose-envify@npm:1.4.0::__archiveUrl=https%3A%2F%2Fregistry.npmjs.org%2Floose-envify%2F-%2Floose-envify-1.4.0.tgz"
  dependencies:
    js-tokens: ^3.0.0 || ^4.0.0
  bin:
    loose-envify: cli.js
  checksum: 6517e24e0cad87ec9888f500c5b5947032cdfe6ef65e1c1936a0c48a524b81e65542c9c3edc91c97d5bddc806ee2a985dbc79be89215d613b1de5db6d1cfe6f4
  languageName: node
  linkType: hard

"lz-string@npm:^1.4.4":
  version: 1.4.4
  resolution: "lz-string@npm:1.4.4::__archiveUrl=https%3A%2F%2Fregistry.npmjs.org%2Flz-string%2F-%2Flz-string-1.4.4.tgz"
  bin:
    lz-string: bin/bin.js
  checksum: 54e31238a61a84d8f664d9860a9fba7310c5b97a52c444f80543069bc084815eff40b8d4474ae1d93992fdf6c252dca37cf27f6adbeb4dbc3df2f3ac773d0e61
  languageName: node
  linkType: hard

"node-fetch@npm:^1.0.1":
  version: 1.7.3
  resolution: "node-fetch@npm:1.7.3::__archiveUrl=https%3A%2F%2Fregistry.npmjs.org%2Fnode-fetch%2F-%2Fnode-fetch-1.7.3.tgz"
  dependencies:
    encoding: ^0.1.11
    is-stream: ^1.0.1
  checksum: 3bb0528c05d541316ebe52770d71ee25a6dce334df4231fd55df41a644143e07f068637488c18a5b0c43f05041dbd3346752f9e19b50df50569a802484544d5b
  languageName: node
  linkType: hard

"object-assign@npm:^4.1.0, object-assign@npm:^4.1.1":
  version: 4.1.1
  resolution: "object-assign@npm:4.1.1::__archiveUrl=https%3A%2F%2Fregistry.npmjs.org%2Fobject-assign%2F-%2Fobject-assign-4.1.1.tgz"
  checksum: fcc6e4ea8c7fe48abfbb552578b1c53e0d194086e2e6bbbf59e0a536381a292f39943c6e9628af05b5528aa5e3318bb30d6b2e53cadaf5b8fe9e12c4b69af23f
  languageName: node
  linkType: hard

"pretty-format@npm:^26.0.0, pretty-format@npm:^26.6.2":
  version: 26.6.2
  resolution: "pretty-format@npm:26.6.2::__archiveUrl=https%3A%2F%2Fregistry.npmjs.org%2Fpretty-format%2F-%2Fpretty-format-26.6.2.tgz"
  dependencies:
    "@jest/types": ^26.6.2
    ansi-regex: ^5.0.0
    ansi-styles: ^4.0.0
    react-is: ^17.0.1
  checksum: e3b808404d7e1519f0df1aa1f25cee0054ab475775c6b2b8c5568ff23194a92d54bf93274139b6f584ca70fd773be4eaa754b0e03f12bb0a8d1426b07f079976
  languageName: node
  linkType: hard

"pretty-format@npm:^27.0.0, pretty-format@npm:^27.0.2, pretty-format@npm:^27.2.4":
  version: 27.2.4
  resolution: "pretty-format@npm:27.2.4::__archiveUrl=https%3A%2F%2Fregistry.npmjs.org%2Fpretty-format%2F-%2Fpretty-format-27.2.4.tgz"
  dependencies:
    "@jest/types": ^27.2.4
    ansi-regex: ^5.0.1
    ansi-styles: ^5.0.0
    react-is: ^17.0.1
  checksum: e6d803c877bf626dbe6ecc2e91422be832aa0f93e68efa5d6db3c32e832f8a7a709c959040b1c5b714e03155f867fa9dee32bb104a1d2e9a2f6adde73116afec
  languageName: node
  linkType: hard

"promise@npm:^7.1.1":
  version: 7.3.1
  resolution: "promise@npm:7.3.1::__archiveUrl=https%3A%2F%2Fregistry.npmjs.org%2Fpromise%2F-%2Fpromise-7.3.1.tgz"
  dependencies:
    asap: ~2.0.3
  checksum: 475bb069130179fbd27ed2ab45f26d8862376a137a57314cf53310bdd85cc986a826fd585829be97ebc0aaf10e9d8e68be1bfe5a4a0364144b1f9eedfa940cf1
  languageName: node
  linkType: hard

"prop-types@npm:^15.5.10":
  version: 15.7.2
  resolution: "prop-types@npm:15.7.2::__archiveUrl=https%3A%2F%2Fregistry.npmjs.org%2Fprop-types%2F-%2Fprop-types-15.7.2.tgz"
  dependencies:
    loose-envify: ^1.4.0
    object-assign: ^4.1.1
    react-is: ^16.8.1
  checksum: 5eef82fdda64252c7e75aa5c8cc28a24bbdece0f540adb60ce67c205cf978a5bd56b83e4f269f91c6e4dcfd80b36f2a2dec24d362e278913db2086ca9c6f9430
  languageName: node
  linkType: hard

"radio-dabddd@workspace:ui-dev/component/basic/radio":
  version: 0.0.0-use.local
  resolution: "radio-dabddd@workspace:ui-dev/component/basic/radio"
  peerDependencies:
    react: ^16.8.0 || ^17.0.0
    react-dom: ^16.8.0 || ^17.0.0
  languageName: unknown
  linkType: soft

"react-dom@npm:17.0.2":
  version: 17.0.2
  resolution: "react-dom@npm:17.0.2::__archiveUrl=https%3A%2F%2Fregistry.npmjs.org%2Freact-dom%2F-%2Freact-dom-17.0.2.tgz"
  dependencies:
    loose-envify: ^1.1.0
    object-assign: ^4.1.1
    scheduler: ^0.20.2
  peerDependencies:
    react: 17.0.2
  checksum: 1c1eaa3bca7c7228d24b70932e3d7c99e70d1d04e13bb0843bbf321582bc25d7961d6b8a6978a58a598af2af496d1cedcfb1bf65f6b0960a0a8161cb8dab743c
  languageName: node
  linkType: hard

"react-is@npm:^16.8.1":
  version: 16.13.1
  resolution: "react-is@npm:16.13.1::__archiveUrl=https%3A%2F%2Fregistry.npmjs.org%2Freact-is%2F-%2Freact-is-16.13.1.tgz"
  checksum: f7a19ac3496de32ca9ae12aa030f00f14a3d45374f1ceca0af707c831b2a6098ef0d6bdae51bd437b0a306d7f01d4677fcc8de7c0d331eb47ad0f46130e53c5f
  languageName: node
  linkType: hard

"react-is@npm:^17.0.1":
  version: 17.0.2
  resolution: "react-is@npm:17.0.2::__archiveUrl=https%3A%2F%2Fregistry.npmjs.org%2Freact-is%2F-%2Freact-is-17.0.2.tgz"
  checksum: 9d6d111d8990dc98bc5402c1266a808b0459b5d54830bbea24c12d908b536df7883f268a7868cfaedde3dd9d4e0d574db456f84d2e6df9c4526f99bb4b5344d8
  languageName: node
  linkType: hard

"react@npm:17.0.2":
  version: 17.0.2
  resolution: "react@npm:17.0.2::__archiveUrl=https%3A%2F%2Fregistry.npmjs.org%2Freact%2F-%2Freact-17.0.2.tgz"
  dependencies:
    loose-envify: ^1.1.0
    object-assign: ^4.1.1
  checksum: b254cc17ce3011788330f7bbf383ab653c6848902d7936a87b09d835d091e3f295f7e9dd1597c6daac5dc80f90e778c8230218ba8ad599f74adcc11e33b9d61b
  languageName: node
  linkType: hard

"regenerator-runtime@npm:^0.13.4":
  version: 0.13.9
  resolution: "regenerator-runtime@npm:0.13.9::__archiveUrl=https%3A%2F%2Fregistry.npmjs.org%2Fregenerator-runtime%2F-%2Fregenerator-runtime-0.13.9.tgz"
  checksum: 65ed455fe5afd799e2897baf691ca21c2772e1a969d19bb0c4695757c2d96249eb74ee3553ea34a91062b2a676beedf630b4c1551cc6299afb937be1426ec55e
  languageName: node
  linkType: hard

"root-workspace-0b6124@workspace:.":
  version: 0.0.0-use.local
  resolution: "root-workspace-0b6124@workspace:."
  dependencies:
    "@babel/runtime": 7.12.18
    "@testing-library/react": 12.1.1
    "@types/jest": ^26.0.0
    "@types/node": 12.20.4
    "@types/react": ^17.0.8
    "@types/react-dom": ^17.0.5
    "@types/testing-library__jest-dom": 5.9.5
    core-js: ^3.0.0
    glamor: 2.20.40
    react: 17.0.2
    react-dom: 17.0.2
  peerDependencies:
    react: 17.0.2
    react-dom: 17.0.2
  languageName: unknown
  linkType: soft

"safer-buffer@npm:>= 2.1.2 < 3.0.0":
  version: 2.1.2
  resolution: "safer-buffer@npm:2.1.2::__archiveUrl=https%3A%2F%2Fregistry.npmjs.org%2Fsafer-buffer%2F-%2Fsafer-buffer-2.1.2.tgz"
  checksum: cab8f25ae6f1434abee8d80023d7e72b598cf1327164ddab31003c51215526801e40b66c5e65d658a0af1e9d6478cadcb4c745f4bd6751f97d8644786c0978b0
  languageName: node
  linkType: hard

"scheduler@npm:^0.20.2":
  version: 0.20.2
  resolution: "scheduler@npm:0.20.2::__archiveUrl=https%3A%2F%2Fregistry.npmjs.org%2Fscheduler%2F-%2Fscheduler-0.20.2.tgz"
  dependencies:
    loose-envify: ^1.1.0
    object-assign: ^4.1.1
  checksum: c4b35cf967c8f0d3e65753252d0f260271f81a81e427241295c5a7b783abf4ea9e905f22f815ab66676f5313be0a25f47be582254db8f9241b259213e999b8fc
  languageName: node
  linkType: hard

"setimmediate@npm:^1.0.5":
  version: 1.0.5
  resolution: "setimmediate@npm:1.0.5::__archiveUrl=https%3A%2F%2Fregistry.npmjs.org%2Fsetimmediate%2F-%2Fsetimmediate-1.0.5.tgz"
  checksum: c9a6f2c5b51a2dabdc0247db9c46460152ffc62ee139f3157440bd48e7c59425093f42719ac1d7931f054f153e2d26cf37dfeb8da17a794a58198a2705e527fd
  languageName: node
  linkType: hard

"style-066315@workspace:ui-dev/utils/style":
  version: 0.0.0-use.local
  resolution: "style-066315@workspace:ui-dev/utils/style"
  peerDependencies:
    react: ^16.8.0 || ^17.0.0
    react-dom: ^16.8.0 || ^17.0.0
  languageName: unknown
  linkType: soft

"supports-color@npm:^5.3.0":
  version: 5.5.0
  resolution: "supports-color@npm:5.5.0::__archiveUrl=https%3A%2F%2Fregistry.npmjs.org%2Fsupports-color%2F-%2Fsupports-color-5.5.0.tgz"
  dependencies:
    has-flag: ^3.0.0
  checksum: 95f6f4ba5afdf92f495b5a912d4abee8dcba766ae719b975c56c084f5004845f6f5a5f7769f52d53f40e21952a6d87411bafe34af4a01e65f9926002e38e1dac
  languageName: node
  linkType: hard

"supports-color@npm:^7.1.0":
  version: 7.2.0
  resolution: "supports-color@npm:7.2.0::__archiveUrl=https%3A%2F%2Fregistry.npmjs.org%2Fsupports-color%2F-%2Fsupports-color-7.2.0.tgz"
  dependencies:
    has-flag: ^4.0.0
  checksum: 3dda818de06ebbe5b9653e07842d9479f3555ebc77e9a0280caf5a14fb877ffee9ed57007c3b78f5a6324b8dbeec648d9e97a24e2ed9fdb81ddc69ea07100f4a
  languageName: node
  linkType: hard

"text-acc585@workspace:ui-dev/component/basic/text":
  version: 0.0.0-use.local
  resolution: "text-acc585@workspace:ui-dev/component/basic/text"
  peerDependencies:
    react: ^16.8.0 || ^17.0.0
    react-dom: ^16.8.0 || ^17.0.0
  languageName: unknown
  linkType: soft

"through@npm:^2.3.8":
  version: 2.3.8
  resolution: "through@npm:2.3.8::__archiveUrl=https%3A%2F%2Fregistry.npmjs.org%2Fthrough%2F-%2Fthrough-2.3.8.tgz"
  checksum: a38c3e059853c494af95d50c072b83f8b676a9ba2818dcc5b108ef252230735c54e0185437618596c790bbba8fcdaef5b290405981ffa09dce67b1f1bf190cbd
  languageName: node
  linkType: hard

"ua-parser-js@npm:^0.7.18":
  version: 0.7.28
  resolution: "ua-parser-js@npm:0.7.28::__archiveUrl=https%3A%2F%2Fregistry.npmjs.org%2Fua-parser-js%2F-%2Fua-parser-js-0.7.28.tgz"
  checksum: a7da4ad54527211e878ee016c2ef64efad5c2f5a31277d36c9da93b4c89ecaa64f391ad4cf158ada76a9ad8e53004a950705ff1c2f27a52ca8bfb3f1381c39ff
  languageName: node
  linkType: hard

"whatwg-fetch@npm:>=0.10.0":
  version: 3.6.2
  resolution: "whatwg-fetch@npm:3.6.2::__archiveUrl=https%3A%2F%2Fregistry.npmjs.org%2Fwhatwg-fetch%2F-%2Fwhatwg-fetch-3.6.2.tgz"
  checksum: ee976b7249e7791edb0d0a62cd806b29006ad7ec3a3d89145921ad8c00a3a67e4be8f3fb3ec6bc7b58498724fd568d11aeeeea1f7827e7e1e5eae6c8a275afed
  languageName: node
  linkType: hard
